# This file is automatically @generated by Cargo.
# It is not intended for manual editing.
[[package]]
name = "kernel32-sys"
version = "0.2.2"
source = "registry+https://github.com/rust-lang/crates.io-index"
dependencies = [
 "winapi 0.2.8 (registry+https://github.com/rust-lang/crates.io-index)",
 "winapi-build 0.1.1 (registry+https://github.com/rust-lang/crates.io-index)",
]

[[package]]
name = "kilo-rs"
version = "0.1.0"
dependencies = [
 "term_size 0.3.1 (registry+https://github.com/rust-lang/crates.io-index)",
 "termios 0.3.1 (registry+https://github.com/rust-lang/crates.io-index)",
 "unic-segment 0.9.0 (registry+https://github.com/rust-lang/crates.io-index)",
]

[[package]]
name = "libc"
version = "0.2.62"
source = "registry+https://github.com/rust-lang/crates.io-index"

[[package]]
name = "term_size"
version = "0.3.1"
source = "registry+https://github.com/rust-lang/crates.io-index"
dependencies = [
 "kernel32-sys 0.2.2 (registry+https://github.com/rust-lang/crates.io-index)",
 "libc 0.2.62 (registry+https://github.com/rust-lang/crates.io-index)",
 "winapi 0.2.8 (registry+https://github.com/rust-lang/crates.io-index)",
]

[[package]]
name = "termios"
version = "0.3.1"
source = "registry+https://github.com/rust-lang/crates.io-index"
dependencies = [
 "libc 0.2.62 (registry+https://github.com/rust-lang/crates.io-index)",
]

[[package]]
name = "unic-char-property"
version = "0.9.0"
source = "registry+https://github.com/rust-lang/crates.io-index"
dependencies = [
 "unic-char-range 0.9.0 (registry+https://github.com/rust-lang/crates.io-index)",
]

[[package]]
name = "unic-char-range"
version = "0.9.0"
source = "registry+https://github.com/rust-lang/crates.io-index"

[[package]]
name = "unic-common"
version = "0.9.0"
source = "registry+https://github.com/rust-lang/crates.io-index"

[[package]]
name = "unic-segment"
version = "0.9.0"
source = "registry+https://github.com/rust-lang/crates.io-index"
dependencies = [
 "unic-ucd-segment 0.9.0 (registry+https://github.com/rust-lang/crates.io-index)",
]

[[package]]
name = "unic-ucd-segment"
version = "0.9.0"
source = "registry+https://github.com/rust-lang/crates.io-index"
dependencies = [
 "unic-char-property 0.9.0 (registry+https://github.com/rust-lang/crates.io-index)",
 "unic-char-range 0.9.0 (registry+https://github.com/rust-lang/crates.io-index)",
 "unic-ucd-version 0.9.0 (registry+https://github.com/rust-lang/crates.io-index)",
]

[[package]]
name = "unic-ucd-version"
version = "0.9.0"
source = "registry+https://github.com/rust-lang/crates.io-index"
dependencies = [
 "unic-common 0.9.0 (registry+https://github.com/rust-lang/crates.io-index)",
]

[[package]]
name = "winapi"
version = "0.2.8"
source = "registry+https://github.com/rust-lang/crates.io-index"

[[package]]
name = "winapi-build"
version = "0.1.1"
source = "registry+https://github.com/rust-lang/crates.io-index"

[metadata]
"checksum kernel32-sys 0.2.2 (registry+https://github.com/rust-lang/crates.io-index)" = "7507624b29483431c0ba2d82aece8ca6cdba9382bff4ddd0f7490560c056098d"
"checksum libc 0.2.62 (registry+https://github.com/rust-lang/crates.io-index)" = "34fcd2c08d2f832f376f4173a231990fa5aef4e99fb569867318a227ef4c06ba"
"checksum term_size 0.3.1 (registry+https://github.com/rust-lang/crates.io-index)" = "9e5b9a66db815dcfd2da92db471106457082577c3c278d4138ab3e3b4e189327"
"checksum termios 0.3.1 (registry+https://github.com/rust-lang/crates.io-index)" = "72b620c5ea021d75a735c943269bb07d30c9b77d6ac6b236bc8b5c496ef05625"
"checksum unic-char-property 0.9.0 (registry+https://github.com/rust-lang/crates.io-index)" = "a8c57a407d9b6fa02b4795eb81c5b6652060a15a7903ea981f3d723e6c0be221"
"checksum unic-char-range 0.9.0 (registry+https://github.com/rust-lang/crates.io-index)" = "0398022d5f700414f6b899e10b8348231abf9173fa93144cbc1a43b9793c1fbc"
"checksum unic-common 0.9.0 (registry+https://github.com/rust-lang/crates.io-index)" = "80d7ff825a6a654ee85a63e80f92f054f904f21e7d12da4e22f9834a4aaa35bc"
"checksum unic-segment 0.9.0 (registry+https://github.com/rust-lang/crates.io-index)" = "e4ed5d26be57f84f176157270c112ef57b86debac9cd21daaabbe56db0f88f23"
"checksum unic-ucd-segment 0.9.0 (registry+https://github.com/rust-lang/crates.io-index)" = "2079c122a62205b421f499da10f3ee0f7697f012f55b675e002483c73ea34700"
"checksum unic-ucd-version 0.9.0 (registry+https://github.com/rust-lang/crates.io-index)" = "96bd2f2237fe450fcd0a1d2f5f4e91711124f7857ba2e964247776ebeeb7b0c4"
"checksum winapi 0.2.8 (registry+https://github.com/rust-lang/crates.io-index)" = "167dc9d6949a9b857f3451275e911c3f44255842c1f7a76f33c55103a909087a"
"checksum winapi-build 0.1.1 (registry+https://github.com/rust-lang/crates.io-index)" = "2d315eee3b34aca4797b2da6b13ed88266e6d612562a0c46390af8299fc699bc"
